
Microsoft Visual Studio Solution File, Format Version 12.00
# Visual Studio Version 16
VisualStudioVersion = 16.0.30907.101
MinimumVisualStudioVersion = 10.0.40219.1
Project("{FAE04EC0-301F-11D3-BF4B-00C04F79EFBC}") = "DegerVeReferansTipler", "ReferansTipler\DegerVeReferansTipler.csproj", "{A902F909-10D2-4426-B6CF-C8FB0C587694}"
EndProject
Global
	GlobalSection(SolutionConfigurationPlatforms) = preSolution
		Debug|Any CPU = Debug|Any CPU
		Release|Any CPU = Release|Any CPU
	EndGlobalSection
	GlobalSection(ProjectConfigurationPlatforms) = postSolution
		{A902F909-10D2-4426-B6CF-C8FB0C587694}.Debug|Any CPU.ActiveCfg = Debug|Any CPU
		{A902F909-10D2-4426-B6CF-C8FB0C587694}.Debug|Any CPU.Build.0 = Debug|Any CPU
		{A902F909-10D2-4426-B6CF-C8FB0C587694}.Release|Any CPU.ActiveCfg = Release|Any CPU
		{A902F909-10D2-4426-B6CF-C8FB0C587694}.Release|Any CPU.Build.0 = Release|Any CPU
	EndGlobalSection
	GlobalSection(SolutionProperties) = preSolution
		HideSolutionNode = FALSE
	EndGlobalSection
	GlobalSection(ExtensibilityGlobals) = postSolution
		SolutionGuid = {7FA7F748-8E98-479B-ACAC-43E3A8FAC2C0}
	EndGlobalSection
EndGlobal
